[[package]]
name = "beautifulsoup4"
version = "4.5.1"
description = "Screen-scraping library"
category = "main"
optional = false
python-versions = "*"

[package.extras]
html5lib = ["html5lib"]
lxml = ["lxml"]

[[package]]
name = "bounter"
version = "1.1.1"
description = "Counter for large datasets"
category = "main"
optional = false
python-versions = "*"

[[package]]
name = "certifi"
version = "2022.9.14"
description = "Python package for providing Mozilla's CA Bundle."
category = "main"
optional = false
python-versions = ">=3.6"

[[package]]
name = "chardet"
version = "3.0.4"
description = "Universal encoding detector for Python 2 and 3"
category = "main"
optional = false
python-versions = "*"

[[package]]
name = "cupy"
version = "11.1.0"
description = "CuPy: NumPy & SciPy for GPU"
category = "main"
optional = true
python-versions = ">=3.7"

[package.dependencies]
fastrlock = ">=0.5"
numpy = ">=1.20,<1.26"

[package.extras]
all = ["scipy (>=1.6,<1.12)", "Cython (>=0.29.22,<3)", "optuna (>=2.0)"]
stylecheck = ["autopep8 (==1.5.5)", "flake8 (==3.8.4)", "pbr (==5.5.1)", "pycodestyle (==2.6.0)", "mypy (==0.950)", "types-setuptools (==57.4.14)"]
test = ["pytest (>=6.2)", "hypothesis (>=6.37.2)"]

[[package]]
name = "datasketch"
version = "0.2.6"
description = "Probabilistic data structures for processing and searching very large datasets"
category = "main"
optional = false
python-versions = "*"

[package.dependencies]
numpy = ">=1.11"

[package.extras]
dev = ["check-manifest"]
test = ["coverage"]

[[package]]
name = "fastrlock"
version = "0.8"
description = "Fast, re-entrant optimistic lock implemented in Cython"
category = "main"
optional = true
python-versions = "*"

[[package]]
name = "idna"
version = "2.10"
description = "Internationalized Domain Names in Applications (IDNA)"
category = "main"
optional = false
python-versions = ">=2.7, !=3.0.*, !=3.1.*, !=3.2.*, !=3.3.*"

[[package]]
name = "jarowinkler"
version = "1.2.1"
description = "library for fast approximate string matching using Jaro and Jaro-Winkler similarity"
category = "main"
optional = true
python-versions = ">=3.6"

[[package]]
name = "levenshtein"
version = "0.20.3"
description = "Python extension for computing string edit distances and similarities."
category = "main"
optional = true
python-versions = ">=3.6"

[package.dependencies]
rapidfuzz = ">=2.3.0,<3.0.0"

[[package]]
name = "networkx"
version = "2.6.3"
description = "Python package for creating and manipulating graphs and networks"
category = "main"
optional = false
python-versions = ">=3.7"

[package.extras]
default = ["numpy (>=1.19)", "scipy (>=1.5,!=1.6.1)", "matplotlib (>=3.3)", "pandas (>=1.1)"]
developer = ["black (==21.5b1)", "pre-commit (>=2.12)"]
doc = ["sphinx (>=4.0,<5.0)", "pydata-sphinx-theme (>=0.6,<1.0)", "sphinx-gallery (>=0.9,<1.0)", "numpydoc (>=1.1)", "pillow (>=8.2)", "nb2plots (>=0.6)", "texext (>=0.6.6)"]
extra = ["lxml (>=4.5)", "pygraphviz (>=1.7)", "pydot (>=1.4.1)"]
test = ["pytest (>=6.2)", "pytest-cov (>=2.12)", "codecov (>=2.1)"]

[[package]]
name = "numpy"
version = "1.20.1"
description = "NumPy is the fundamental package for array computing with Python."
category = "main"
optional = false
python-versions = ">=3.7"

[[package]]
name = "rapidfuzz"
version = "2.10.0"
description = "rapid fuzzy string matching"
category = "main"
optional = true
python-versions = ">=3.6"

[package.dependencies]
jarowinkler = ">=1.2.0,<2.0.0"

[package.extras]
full = ["numpy"]

[[package]]
name = "requests"
version = "2.24.0"
description = "Python HTTP for Humans."
category = "main"
optional = false
python-versions = ">=2.7, !=3.0.*, !=3.1.*, !=3.2.*, !=3.3.*, !=3.4.*"

[package.dependencies]
certifi = ">=2017.4.17"
chardet = ">=3.0.2,<4"
idna = ">=2.5,<3"
urllib3 = ">=1.21.1,<1.25.0 || >1.25.0,<1.25.1 || >1.25.1,<1.26"

[package.extras]
security = ["pyOpenSSL (>=0.14)", "cryptography (>=1.3.4)"]
socks = ["PySocks (>=1.5.6,!=1.5.7)", "win-inet-pton"]

[[package]]
name = "unidecode"
version = "1.2.0"
description = "ASCII transliterations of Unicode text"
category = "main"
optional = false
python-versions = ">=2.7, !=3.0.*, !=3.1.*, !=3.2.*, !=3.3.*"

[[package]]
name = "urllib3"
version = "1.25.11"
description = "HTTP library with thread-safe connection pooling, file post, and more."
category = "main"
optional = false
python-versions = ">=2.7, !=3.0.*, !=3.1.*, !=3.2.*, !=3.3.*, !=3.4.*, <4"

[package.extras]
brotli = ["brotlipy (>=0.6.0)"]
secure = ["pyOpenSSL (>=0.14)", "cryptography (>=1.3.4)", "idna (>=2.0.0)", "certifi", "ipaddress"]
socks = ["PySocks (>=1.5.6,!=1.5.7,<2.0)"]

[[package]]
name = "vectorizedMinHash"
version = "0.0.2"
description = ""
category = "main"
optional = false
python-versions = "*"
develop = false

[package.dependencies]
numpy = "1.20.1"

[package.source]
type = "git"
url = "https://github.com/yaledhlab/vectorized-minhash.git"
reference = "main"
resolved_reference = "cc208f695ba4ee9a9ef61476ebdb13fb9a5768d4"

[extras]
cupy = ["cupy"]
levenshtein = ["Levenshtein"]

[metadata]
lock-version = "1.1"
python-versions = "~3.7"
content-hash = "614fe845f8dc88445fd0488880e0da6c2c9b1a129a1db273108241aa4eb48665"

[metadata.files]
beautifulsoup4 = []
bounter = []
certifi = []
chardet = []
cupy = []
datasketch = []
fastrlock = []
idna = []
jarowinkler = []
levenshtein = []
networkx = []
numpy = []
rapidfuzz = []
requests = []
unidecode = []
urllib3 = []
vectorizedMinHash = []
