[[package]]
name = "beautifulsoup4"
version = "4.11.1"
description = "Screen-scraping library"
category = "main"
optional = false
python-versions = ">=3.6.0"

[package.dependencies]
soupsieve = ">1.2"

[package.extras]
html5lib = ["html5lib"]
lxml = ["lxml"]

[[package]]
name = "bounter"
version = "1.1.1"
description = "Counter for large datasets"
category = "main"
optional = false
python-versions = "*"

[[package]]
name = "cupy"
version = "11.1.0"
description = "CuPy: NumPy & SciPy for GPU"
category = "main"
optional = true
python-versions = ">=3.7"

[package.dependencies]
fastrlock = ">=0.5"
numpy = ">=1.20,<1.26"

[package.extras]
all = ["Cython (>=0.29.22,<3)", "optuna (>=2.0)", "scipy (>=1.6,<1.12)"]
stylecheck = ["autopep8 (==1.5.5)", "flake8 (==3.8.4)", "mypy (==0.950)", "pbr (==5.5.1)", "pycodestyle (==2.6.0)", "types-setuptools (==57.4.14)"]
test = ["hypothesis (>=6.37.2)", "pytest (>=6.2)"]

[[package]]
name = "fastrlock"
version = "0.8"
description = "Fast, re-entrant optimistic lock implemented in Cython"
category = "main"
optional = true
python-versions = "*"

[[package]]
name = "networkx"
version = "2.8.6"
description = "Python package for creating and manipulating graphs and networks"
category = "main"
optional = false
python-versions = ">=3.8"

[package.extras]
default = ["matplotlib (>=3.4)", "numpy (>=1.19)", "pandas (>=1.3)", "scipy (>=1.8)"]
developer = ["mypy (>=0.961)", "pre-commit (>=2.20)"]
doc = ["nb2plots (>=0.6)", "numpydoc (>=1.4)", "pillow (>=9.1)", "pydata-sphinx-theme (>=0.9)", "sphinx (>=5)", "sphinx-gallery (>=0.10)", "texext (>=0.6.6)"]
extra = ["lxml (>=4.6)", "pydot (>=1.4.2)", "pygraphviz (>=1.9)", "sympy (>=1.10)"]
test = ["codecov (>=2.1)", "pytest (>=7.1)", "pytest-cov (>=3.0)"]

[[package]]
name = "numpy"
version = "1.23.3"
description = "NumPy is the fundamental package for array computing with Python."
category = "main"
optional = false
python-versions = ">=3.8"

[[package]]
name = "soupsieve"
version = "2.3.2.post1"
description = "A modern CSS selector implementation for Beautiful Soup."
category = "main"
optional = false
python-versions = ">=3.6"

[[package]]
name = "Unidecode"
version = "1.3.4"
description = "ASCII transliterations of Unicode text"
category = "main"
optional = false
python-versions = ">=3.5"

[extras]
cupy = ["cupy"]

[metadata]
lock-version = "1.1"
python-versions = "^3.8" # >=3.8 and <4.0
content-hash = "98d69348f788c713e727cf898fd8a5023d9d889a817a7edc345a46d68a384f87"

[metadata.files]
beautifulsoup4 = [
    {file = "beautifulsoup4-4.11.1-py3-none-any.whl", hash = "sha256:58d5c3d29f5a36ffeb94f02f0d786cd53014cf9b3b3951d42e0080d8a9498d30"},
    {file = "beautifulsoup4-4.11.1.tar.gz", hash = "sha256:ad9aa55b65ef2808eb405f46cf74df7fcb7044d5cbc26487f96eb2ef2e436693"},
]
bounter = [
    {file = "bounter-1.1.1.tar.gz", hash = "sha256:ef578c7e8132a7b3f3ccf5998f3329df2ffbaa58ff1eb8eaa5bc3f613a4b3bba"},
]
cupy = [
    {file = "cupy-11.1.0.tar.gz", hash = "sha256:e13b6f990addd7bd870905af429fad51084d0857f8600dd3206a1df5a4684edd"},
]
fastrlock = [
    {file = "fastrlock-0.8-cp27-cp27m-win32.whl", hash = "sha256:4d414a5e97a545fee64437586c70bd295d22ac49614eeb76fb67980e32a0d1ae"},
    {file = "fastrlock-0.8-cp27-cp27m-win_amd64.whl", hash = "sha256:b991766baec0113829c5a10bec4c5ec987cab31dfcb1fabf53e370b83b939ef9"},
    {file = "fastrlock-0.8-cp310-cp310-manylinux_2_17_aarch64.manylinux2014_aarch64.whl", hash = "sha256:5356a15375fab5a8090f255b54122eead504ebcec8a67ac369489e3e315dfd21"},
    {file = "fastrlock-0.8-cp310-cp310-manylinux_2_5_i686.manylinux1_i686.manylinux_2_12_i686.manylinux2010_i686.whl", hash = "sha256:8369ce6d228fc3efbfcff5499468200bd12c35efdbc787eeaf8064153bcf0d72"},
    {file = "fastrlock-0.8-cp310-cp310-manylinux_2_5_x86_64.manylinux1_x86_64.manylinux_2_12_x86_64.manylinux2010_x86_64.whl", hash = "sha256:09314c5c0f63fe252a3ee038af855d7fb5668d0ccbae94846a35b32487c6256c"},
    {file = "fastrlock-0.8-cp35-cp35m-win32.whl", hash = "sha256:b724a7f5c1d5f9cdc30a13022e6e8cf319812c40dad0fd722b5ea18d2cfc4c4d"},
    {file = "fastrlock-0.8-cp35-cp35m-win_amd64.whl", hash = "sha256:c7ec22a5726467af53950a8baba92327620c0f73c34fab930ce29b94c8645c7e"},
    {file = "fastrlock-0.8-cp36-cp36m-manylinux_2_17_aarch64.manylinux2014_aarch64.whl", hash = "sha256:dcd7a05ba34702d0f0e9751d35afb06be21034fcf00197567ff0dcdf48cde8e7"},
    {file = "fastrlock-0.8-cp36-cp36m-manylinux_2_5_i686.manylinux1_i686.manylinux_2_12_i686.manylinux2010_i686.whl", hash = "sha256:997bc6c4fafda396449e2410a5d32b69d231fdccc5af6de6cefe9d67e5f7157e"},
    {file = "fastrlock-0.8-cp36-cp36m-manylinux_2_5_x86_64.manylinux1_x86_64.manylinux_2_12_x86_64.manylinux2010_x86_64.whl", hash = "sha256:4ba3d3dc0dbb1cff2eee033a1f6369c24a86e8c20b427edfceff3f38b48b391c"},
    {file = "fastrlock-0.8-cp36-cp36m-win32.whl", hash = "sha256:f365fc1de226ce96fedbb475c4523b304ce00f9a59beea620dba34e21239f5f3"},
    {file = "fastrlock-0.8-cp36-cp36m-win_amd64.whl", hash = "sha256:7c9c66ab93877272169b017dc24f63c9c94b3f9d55b0b0b8c3f6d9644280120c"},
    {file = "fastrlock-0.8-cp37-cp37m-manylinux_2_17_aarch64.manylinux2014_aarch64.whl", hash = "sha256:b5d5fd2a76aa9cd451a8820e2427e512620062ffa62ea5732da0ab8888b6be6e"},
    {file = "fastrlock-0.8-cp37-cp37m-manylinux_2_5_i686.manylinux1_i686.manylinux_2_12_i686.manylinux2010_i686.whl", hash = "sha256:340ae0734305d780aaad0893dba8185f4dbb0575d5fd696b5720eaf800526bbc"},
    {file = "fastrlock-0.8-cp37-cp37m-manylinux_2_5_x86_64.manylinux1_x86_64.manylinux_2_12_x86_64.manylinux2010_x86_64.whl", hash = "sha256:719743b5b3c2b214fdf63096ac6a68615b4d9b8cb210e9e6ddf0293b38da2c9a"},
    {file = "fastrlock-0.8-cp37-cp37m-win32.whl", hash = "sha256:1cfb5ac6336ff327359a31b690898adf9a813fd44a76196115a3f0afb2367c81"},
    {file = "fastrlock-0.8-cp37-cp37m-win_amd64.whl", hash = "sha256:5aa6b442b12fa1f9041248506c8ea5ae909a92aedd5a139647dce2ee87e5b944"},
    {file = "fastrlock-0.8-cp38-cp38-manylinux_2_17_aarch64.manylinux2014_aarch64.whl", hash = "sha256:af9df4c17c3142c9774cd1b9edea586f709c6421f02bcf7614507937b921ea7f"},
    {file = "fastrlock-0.8-cp38-cp38-manylinux_2_5_i686.manylinux1_i686.manylinux_2_12_i686.manylinux2010_i686.whl", hash = "sha256:951a5c4dc6fbe4481082752ce9f21aabcaa1cf6185f683d7b5cbae254f10bb46"},
    {file = "fastrlock-0.8-cp38-cp38-manylinux_2_5_x86_64.manylinux1_x86_64.manylinux_2_12_x86_64.manylinux2010_x86_64.whl", hash = "sha256:5c75985ba70fb4e8af595a0f67f58b96e0dbc53562768208890b4b2ac25b4b52"},
    {file = "fastrlock-0.8-cp38-cp38-win32.whl", hash = "sha256:0b459511349dc96c8961f1d43635bb94cfc2404a8899792a1f9aaa9998fa0eca"},
    {file = "fastrlock-0.8-cp38-cp38-win_amd64.whl", hash = "sha256:7b612474ddacf808c663aa8020db0a78f54a665ccabd9dbe505d3d4c4b3f6044"},
    {file = "fastrlock-0.8-cp39-cp39-manylinux_2_17_aarch64.manylinux2014_aarch64.whl", hash = "sha256:fe85f98fa66de41f929b8e01e4a9c5a7d20e660f605054b847c4ac54fadc8f79"},
    {file = "fastrlock-0.8-cp39-cp39-manylinux_2_5_i686.manylinux1_i686.manylinux_2_12_i686.manylinux2010_i686.whl", hash = "sha256:d2029fb44eac8ab5f7aafb3fcde9419cbdaa07a08f72dac8cd7790dc0f73e596"},
    {file = "fastrlock-0.8-cp39-cp39-manylinux_2_5_x86_64.manylinux1_x86_64.manylinux_2_12_x86_64.manylinux2010_x86_64.whl", hash = "sha256:3bba2a866c9f6eb1923ead5e70e1da02b3e57c531830eb4fcbd2d8e9530a2d7e"},
    {file = "fastrlock-0.8-cp39-cp39-win32.whl", hash = "sha256:85c36ac55dc917c7e1f4fb03a841fe84b3fb2669dd0306bb94bf62c5749b1a7f"},
    {file = "fastrlock-0.8-cp39-cp39-win_amd64.whl", hash = "sha256:4bb33625117bc9f1a66a5049a5d03ac4b38a44cb8eefdff1a394f7a435da54c9"},
    {file = "fastrlock-0.8.tar.gz", hash = "sha256:9cc100ed0924b32173d7de705a82fdf1257cdf60af1952a13f64759307b40931"},
]
networkx = [
    {file = "networkx-2.8.6-py3-none-any.whl", hash = "sha256:2a30822761f34d56b9a370d96a4bf4827a535f5591a4078a453425caeba0c5bb"},
    {file = "networkx-2.8.6.tar.gz", hash = "sha256:bd2b7730300860cbd2dafe8e5af89ff5c9a65c3975b352799d87a6238b4301a6"},
]
numpy = [
    {file = "numpy-1.23.3-cp310-cp310-macosx_10_9_x86_64.whl", hash = "sha256:c9f707b5bb73bf277d812ded9896f9512a43edff72712f31667d0a8c2f8e71ee"},
    {file = "numpy-1.23.3-cp310-cp310-macosx_11_0_arm64.whl", hash = "sha256:ffcf105ecdd9396e05a8e58e81faaaf34d3f9875f137c7372450baa5d77c9a54"},
    {file = "numpy-1.23.3-cp310-cp310-manylinux_2_17_aarch64.manylinux2014_aarch64.whl", hash = "sha256:0ea3f98a0ffce3f8f57675eb9119f3f4edb81888b6874bc1953f91e0b1d4f440"},
    {file = "numpy-1.23.3-cp310-cp310-manylinux_2_17_x86_64.manylinux2014_x86_64.whl", hash = "sha256:004f0efcb2fe1c0bd6ae1fcfc69cc8b6bf2407e0f18be308612007a0762b4089"},
    {file = "numpy-1.23.3-cp310-cp310-win32.whl", hash = "sha256:98dcbc02e39b1658dc4b4508442a560fe3ca5ca0d989f0df062534e5ca3a5c1a"},
    {file = "numpy-1.23.3-cp310-cp310-win_amd64.whl", hash = "sha256:39a664e3d26ea854211867d20ebcc8023257c1800ae89773cbba9f9e97bae036"},
    {file = "numpy-1.23.3-cp311-cp311-macosx_10_9_x86_64.whl", hash = "sha256:1f27b5322ac4067e67c8f9378b41c746d8feac8bdd0e0ffede5324667b8a075c"},
    {file = "numpy-1.23.3-cp311-cp311-macosx_11_0_arm64.whl", hash = "sha256:2ad3ec9a748a8943e6eb4358201f7e1c12ede35f510b1a2221b70af4bb64295c"},
    {file = "numpy-1.23.3-cp311-cp311-manylinux_2_17_aarch64.manylinux2014_aarch64.whl", hash = "sha256:bdc9febce3e68b697d931941b263c59e0c74e8f18861f4064c1f712562903411"},
    {file = "numpy-1.23.3-cp311-cp311-manylinux_2_17_x86_64.manylinux2014_x86_64.whl", hash = "sha256:301c00cf5e60e08e04d842fc47df641d4a181e651c7135c50dc2762ffe293dbd"},
    {file = "numpy-1.23.3-cp311-cp311-win32.whl", hash = "sha256:7cd1328e5bdf0dee621912f5833648e2daca72e3839ec1d6695e91089625f0b4"},
    {file = "numpy-1.23.3-cp311-cp311-win_amd64.whl", hash = "sha256:8355fc10fd33a5a70981a5b8a0de51d10af3688d7a9e4a34fcc8fa0d7467bb7f"},
    {file = "numpy-1.23.3-cp38-cp38-macosx_10_9_x86_64.whl", hash = "sha256:bc6e8da415f359b578b00bcfb1d08411c96e9a97f9e6c7adada554a0812a6cc6"},
    {file = "numpy-1.23.3-cp38-cp38-macosx_11_0_arm64.whl", hash = "sha256:22d43376ee0acd547f3149b9ec12eec2f0ca4a6ab2f61753c5b29bb3e795ac4d"},
    {file = "numpy-1.23.3-cp38-cp38-manylinux_2_17_aarch64.manylinux2014_aarch64.whl", hash = "sha256:a64403f634e5ffdcd85e0b12c08f04b3080d3e840aef118721021f9b48fc1460"},
    {file = "numpy-1.23.3-cp38-cp38-manylinux_2_17_x86_64.manylinux2014_x86_64.whl", hash = "sha256:efd9d3abe5774404becdb0748178b48a218f1d8c44e0375475732211ea47c67e"},
    {file = "numpy-1.23.3-cp38-cp38-win32.whl", hash = "sha256:f8c02ec3c4c4fcb718fdf89a6c6f709b14949408e8cf2a2be5bfa9c49548fd85"},
    {file = "numpy-1.23.3-cp38-cp38-win_amd64.whl", hash = "sha256:e868b0389c5ccfc092031a861d4e158ea164d8b7fdbb10e3b5689b4fc6498df6"},
    {file = "numpy-1.23.3-cp39-cp39-macosx_10_9_x86_64.whl", hash = "sha256:09f6b7bdffe57fc61d869a22f506049825d707b288039d30f26a0d0d8ea05164"},
    {file = "numpy-1.23.3-cp39-cp39-macosx_11_0_arm64.whl", hash = "sha256:8c79d7cf86d049d0c5089231a5bcd31edb03555bd93d81a16870aa98c6cfb79d"},
    {file = "numpy-1.23.3-cp39-cp39-manylinux_2_17_aarch64.manylinux2014_aarch64.whl", hash = "sha256:e5d5420053bbb3dd64c30e58f9363d7a9c27444c3648e61460c1237f9ec3fa14"},
    {file = "numpy-1.23.3-cp39-cp39-manylinux_2_17_x86_64.manylinux2014_x86_64.whl", hash = "sha256:d5422d6a1ea9b15577a9432e26608c73a78faf0b9039437b075cf322c92e98e7"},
    {file = "numpy-1.23.3-cp39-cp39-win32.whl", hash = "sha256:c1ba66c48b19cc9c2975c0d354f24058888cdc674bebadceb3cdc9ec403fb5d1"},
    {file = "numpy-1.23.3-cp39-cp39-win_amd64.whl", hash = "sha256:78a63d2df1d947bd9d1b11d35564c2f9e4b57898aae4626638056ec1a231c40c"},
    {file = "numpy-1.23.3-pp38-pypy38_pp73-macosx_10_9_x86_64.whl", hash = "sha256:17c0e467ade9bda685d5ac7f5fa729d8d3e76b23195471adae2d6a6941bd2c18"},
    {file = "numpy-1.23.3-pp38-pypy38_pp73-manylinux_2_17_x86_64.manylinux2014_x86_64.whl", hash = "sha256:91b8d6768a75247026e951dce3b2aac79dc7e78622fc148329135ba189813584"},
    {file = "numpy-1.23.3-pp38-pypy38_pp73-win_amd64.whl", hash = "sha256:94c15ca4e52671a59219146ff584488907b1f9b3fc232622b47e2cf832e94fb8"},
    {file = "numpy-1.23.3.tar.gz", hash = "sha256:51bf49c0cd1d52be0a240aa66f3458afc4b95d8993d2d04f0d91fa60c10af6cd"},
]
soupsieve = [
    {file = "soupsieve-2.3.2.post1-py3-none-any.whl", hash = "sha256:3b2503d3c7084a42b1ebd08116e5f81aadfaea95863628c80a3b774a11b7c759"},
    {file = "soupsieve-2.3.2.post1.tar.gz", hash = "sha256:fc53893b3da2c33de295667a0e19f078c14bf86544af307354de5fcf12a3f30d"},
]
Unidecode = [
    {file = "Unidecode-1.3.4-py3-none-any.whl", hash = "sha256:afa04efcdd818a93237574791be9b2817d7077c25a068b00f8cff7baa4e59257"},
    {file = "Unidecode-1.3.4.tar.gz", hash = "sha256:8e4352fb93d5a735c788110d2e7ac8e8031eb06ccbfe8d324ab71735015f9342"},
]
